
Microsoft Visual Studio Solution File, Format Version 12.00
# Visual Studio Version 17
VisualStudioVersion = 17.14.36408.4 d17.14
MinimumVisualStudioVersion = 10.0.40219.1
Project("{FAE04EC0-301F-11D3-BF4B-00C04F79EFBC}") = "Linq Day 1", "Linq Day 1\Linq Day 1.csproj", "{5EB2931A-4530-4E08-96C3-482954C7D51F}"
EndProject
Global
	GlobalSection(SolutionConfigurationPlatforms) = preSolution
		Debug|Any CPU = Debug|Any CPU
		Release|Any CPU = Release|Any CPU
	EndGlobalSection
	GlobalSection(ProjectConfigurationPlatforms) = postSolution
		{5EB2931A-4530-4E08-96C3-482954C7D51F}.Debug|Any CPU.ActiveCfg = Debug|Any CPU
		{5EB2931A-4530-4E08-96C3-482954C7D51F}.Debug|Any CPU.Build.0 = Debug|Any CPU
		{5EB2931A-4530-4E08-96C3-482954C7D51F}.Release|Any CPU.ActiveCfg = Release|Any CPU
		{5EB2931A-4530-4E08-96C3-482954C7D51F}.Release|Any CPU.Build.0 = Release|Any CPU
	EndGlobalSection
	GlobalSection(SolutionProperties) = preSolution
		HideSolutionNode = FALSE
	EndGlobalSection
	GlobalSection(ExtensibilityGlobals) = postSolution
		SolutionGuid = {0D849EC3-15E9-4FB1-B513-2030FF9A9A99}
	EndGlobalSection
EndGlobal
