
Microsoft Visual Studio Solution File, Format Version 12.00
# Visual Studio Version 17
VisualStudioVersion = 17.14.36301.6 d17.14
MinimumVisualStudioVersion = 10.0.40219.1
Project("{FAE04EC0-301F-11D3-BF4B-00C04F79EFBC}") = "Day 6", "Day 6\Day 6.csproj", "{194E67D2-0141-493C-B90D-D088C2A6E39F}"
EndProject
Global
	GlobalSection(SolutionConfigurationPlatforms) = preSolution
		Debug|Any CPU = Debug|Any CPU
		Release|Any CPU = Release|Any CPU
	EndGlobalSection
	GlobalSection(ProjectConfigurationPlatforms) = postSolution
		{194E67D2-0141-493C-B90D-D088C2A6E39F}.Debug|Any CPU.ActiveCfg = Debug|Any CPU
		{194E67D2-0141-493C-B90D-D088C2A6E39F}.Debug|Any CPU.Build.0 = Debug|Any CPU
		{194E67D2-0141-493C-B90D-D088C2A6E39F}.Release|Any CPU.ActiveCfg = Release|Any CPU
		{194E67D2-0141-493C-B90D-D088C2A6E39F}.Release|Any CPU.Build.0 = Release|Any CPU
	EndGlobalSection
	GlobalSection(SolutionProperties) = preSolution
		HideSolutionNode = FALSE
	EndGlobalSection
	GlobalSection(ExtensibilityGlobals) = postSolution
		SolutionGuid = {386DA6E6-6D90-4F8F-8A50-E39F6E1D31B5}
	EndGlobalSection
EndGlobal
